
Microsoft Visual Studio Solution File, Format Version 12.00
# Visual Studio Version 16
VisualStudioVersion = 16.0.30804.86
MinimumVisualStudioVersion = 10.0.40219.1
Project("{FAE04EC0-301F-11D3-BF4B-00C04F79EFBC}") = "Acting字体安装器", "Acting字体安装器\Acting字体安装器.csproj", "{F4B1D577-DC88-43E6-B81E-E33AEAFFF329}"
EndProject
Global
	GlobalSection(SolutionConfigurationPlatforms) = preSolution
		Debug|Any CPU = Debug|Any CPU
		Release|Any CPU = Release|Any CPU
	EndGlobalSection
	GlobalSection(ProjectConfigurationPlatforms) = postSolution
		{F4B1D577-DC88-43E6-B81E-E33AEAFFF329}.Debug|Any CPU.ActiveCfg = Debug|Any CPU
		{F4B1D577-DC88-43E6-B81E-E33AEAFFF329}.Debug|Any CPU.Build.0 = Debug|Any CPU
		{F4B1D577-DC88-43E6-B81E-E33AEAFFF329}.Release|Any CPU.ActiveCfg = Release|Any CPU
		{F4B1D577-DC88-43E6-B81E-E33AEAFFF329}.Release|Any CPU.Build.0 = Release|Any CPU
	EndGlobalSection
	GlobalSection(SolutionProperties) = preSolution
		HideSolutionNode = FALSE
	EndGlobalSection
	GlobalSection(ExtensibilityGlobals) = postSolution
		SolutionGuid = {B6F2FDA0-E1F5-45DC-B090-5DF755A7E529}
	EndGlobalSection
EndGlobal
